
Microsoft Visual Studio Solution File, Format Version 12.00
# Visual Studio 2012
Project("{FAE04EC0-301F-11D3-BF4B-00C04F79EFBC}") = "DeliveryApp", "DeliveryApp\DeliveryApp.csproj", "{A95C3183-10C4-4C82-B3A0-722CA5FB7953}"
EndProject
Project("{FAE04EC0-301F-11D3-BF4B-00C04F79EFBC}") = "UIWinForm", "UIWinForm\UIWinForm.csproj", "{AC440CCF-C68C-4FD9-989C-EAD02DF88DEE}"
EndProject
Global
	GlobalSection(SolutionConfigurationPlatforms) = preSolution
		Debug|Any CPU = Debug|Any CPU
		Release|Any CPU = Release|Any CPU
	EndGlobalSection
	GlobalSection(ProjectConfigurationPlatforms) = postSolution
		{A95C3183-10C4-4C82-B3A0-722CA5FB7953}.Debug|Any CPU.ActiveCfg = Debug|Any CPU
		{A95C3183-10C4-4C82-B3A0-722CA5FB7953}.Debug|Any CPU.Build.0 = Debug|Any CPU
		{A95C3183-10C4-4C82-B3A0-722CA5FB7953}.Release|Any CPU.ActiveCfg = Release|Any CPU
		{A95C3183-10C4-4C82-B3A0-722CA5FB7953}.Release|Any CPU.Build.0 = Release|Any CPU
		{AC440CCF-C68C-4FD9-989C-EAD02DF88DEE}.Debug|Any CPU.ActiveCfg = Debug|Any CPU
		{AC440CCF-C68C-4FD9-989C-EAD02DF88DEE}.Debug|Any CPU.Build.0 = Debug|Any CPU
		{AC440CCF-C68C-4FD9-989C-EAD02DF88DEE}.Release|Any CPU.ActiveCfg = Release|Any CPU
		{AC440CCF-C68C-4FD9-989C-EAD02DF88DEE}.Release|Any CPU.Build.0 = Release|Any CPU
	EndGlobalSection
	GlobalSection(SolutionProperties) = preSolution
		HideSolutionNode = FALSE
	EndGlobalSection
EndGlobal
